
Microsoft Visual Studio Solution File, Format Version 12.00
# Visual Studio Version 17
VisualStudioVersion = 17.0.31903.59
MinimumVisualStudioVersion = 10.0.40219.1
Project("{FAE04EC0-301F-11D3-BF4B-00C04F79EFBC}") = "exemploFundamentos", "ExemploFundamentos\exemploFundamentos.csproj", "{306AA1F1-4A36-4DEF-B263-1225C6A19FAC}"
EndProject
Project("{FAE04EC0-301F-11D3-BF4B-00C04F79EFBC}") = "ExemploFundamentos.Common", "ExemploFundamentos.Common\ExemploFundamentos.Common.csproj", "{7D607D61-B4C2-4221-A6B4-F7AB931123ED}"
EndProject
Global
	GlobalSection(SolutionConfigurationPlatforms) = preSolution
		Debug|Any CPU = Debug|Any CPU
		Release|Any CPU = Release|Any CPU
	EndGlobalSection
	GlobalSection(SolutionProperties) = preSolution
		HideSolutionNode = FALSE
	EndGlobalSection
	GlobalSection(ProjectConfigurationPlatforms) = postSolution
		{306AA1F1-4A36-4DEF-B263-1225C6A19FAC}.Debug|Any CPU.ActiveCfg = Debug|Any CPU
		{306AA1F1-4A36-4DEF-B263-1225C6A19FAC}.Debug|Any CPU.Build.0 = Debug|Any CPU
		{306AA1F1-4A36-4DEF-B263-1225C6A19FAC}.Release|Any CPU.ActiveCfg = Release|Any CPU
		{306AA1F1-4A36-4DEF-B263-1225C6A19FAC}.Release|Any CPU.Build.0 = Release|Any CPU
		{7D607D61-B4C2-4221-A6B4-F7AB931123ED}.Debug|Any CPU.ActiveCfg = Debug|Any CPU
		{7D607D61-B4C2-4221-A6B4-F7AB931123ED}.Debug|Any CPU.Build.0 = Debug|Any CPU
		{7D607D61-B4C2-4221-A6B4-F7AB931123ED}.Release|Any CPU.ActiveCfg = Release|Any CPU
		{7D607D61-B4C2-4221-A6B4-F7AB931123ED}.Release|Any CPU.Build.0 = Release|Any CPU
	EndGlobalSection
EndGlobal
